// !$*UTF8*$!
{
	archiveVersion = 1;
	classes = {
	};
	objectVersion = 48;
	objects = {

/* Begin PBXBuildFile section */
		4510D4F9200A556B00C233D0 /* AppDelegate.swift in Sources */ = {isa = PBXBuildFile; fileRef = 4510D4F8200A556B00C233D0 /* AppDelegate.swift */; };
		4510D4FB200A556B00C233D0 /* SingleCardViewController.swift in Sources */ = {isa = PBXBuildFile; fileRef = 4510D4FA200A556B00C233D0 /* SingleCardViewController.swift */; };
		4510D4FE200A556B00C233D0 /* Main.storyboard in Resources */ = {isa = PBXBuildFile; fileRef = 4510D4FC200A556B00C233D0 /* Main.storyboard */; };
		4510D500200A556B00C233D0 /* Assets.xcassets in Resources */ = {isa = PBXBuildFile; fileRef = 4510D4FF200A556B00C233D0 /* Assets.xcassets */; };
		4510D503200A556B00C233D0 /* LaunchScreen.storyboard in Resources */ = {isa = PBXBuildFile; fileRef = 4510D501200A556B00C233D0 /* LaunchScreen.storyboard */; };
		4510D50F200A569C00C233D0 /* PlayingCard.swift in Sources */ = {isa = PBXBuildFile; fileRef = 4510D50E200A569C00C233D0 /* PlayingCard.swift */; };
		4510D511200A596D00C233D0 /* PlayingCardDeck.swift in Sources */ = {isa = PBXBuildFile; fileRef = 4510D510200A596D00C233D0 /* PlayingCardDeck.swift */; };
		4510D513200B340B00C233D0 /* PlayingCardView.swift in Sources */ = {isa = PBXBuildFile; fileRef = 4510D512200B340B00C233D0 /* PlayingCardView.swift */; };
		4510D517200BA62F00C233D0 /* MultiCardsViewController.swift in Sources */ = {isa = PBXBuildFile; fileRef = 4510D516200BA62F00C233D0 /* MultiCardsViewController.swift */; };
/* End PBXBuildFile section */

/* Begin PBXFileReference section */
		4510D4F5200A556B00C233D0 /* PlayingCard.app */ = {isa = PBXFileReference; explicitFileType = wrapper.application; includeInIndex = 0; path = PlayingCard.app; sourceTree = BUILT_PRODUCTS_DIR; };
		4510D4F8200A556B00C233D0 /* AppDelegate.swift */ = {isa = PBXFileReference; lastKnownFileType = sourcecode.swift; path = AppDelegate.swift; sourceTree = "<group>"; };
		4510D4FA200A556B00C233D0 /* SingleCardViewController.swift */ = {isa = PBXFileReference; lastKnownFileType = sourcecode.swift; path = SingleCardViewController.swift; sourceTree = "<group>"; };
		4510D4FD200A556B00C233D0 /* Base */ = {isa = PBXFileReference; lastKnownFileType = file.storyboard; name = Base; path = Base.lproj/Main.storyboard; sourceTree = "<group>"; };
		4510D4FF200A556B00C233D0 /* Assets.xcassets */ = {isa = PBXFileReference; lastKnownFileType = folder.assetcatalog; path = Assets.xcassets; sourceTree = "<group>"; };
		4510D502200A556B00C233D0 /* Base */ = {isa = PBXFileReference; lastKnownFileType = file.storyboard; name = Base; path = Base.lproj/LaunchScreen.storyboard; sourceTree = "<group>"; };
		4510D504200A556B00C233D0 /* Info.plist */ = {isa = PBXFileReference; lastKnownFileType = text.plist.xml; path = Info.plist; sourceTree = "<group>"; };
		4510D50E200A569C00C233D0 /* PlayingCard.swift */ = {isa = PBXFileReference; lastKnownFileType = sourcecode.swift; path = PlayingCard.swift; sourceTree = "<group>"; };
		4510D510200A596D00C233D0 /* PlayingCardDeck.swift */ = {isa = PBXFileReference; lastKnownFileType = sourcecode.swift; path = PlayingCardDeck.swift; sourceTree = "<group>"; };
		4510D512200B340B00C233D0 /* PlayingCardView.swift */ = {isa = PBXFileReference; lastKnownFileType = sourcecode.swift; path = PlayingCardView.swift; sourceTree = "<group>"; };
		4510D516200BA62F00C233D0 /* MultiCardsViewController.swift */ = {isa = PBXFileReference; lastKnownFileType = sourcecode.swift; path = MultiCardsViewController.swift; sourceTree = "<group>"; };
/* End PBXFileReference section */

/* Begin PBXFrameworksBuildPhase section */
		4510D4F2200A556B00C233D0 /* Frameworks */ = {
			isa = PBXFrameworksBuildPhase;
			buildActionMask = 2147483647;
			files = (
			);
			runOnlyForDeploymentPostprocessing = 0;
		};
/* End PBXFrameworksBuildPhase section */

/* Begin PBXGroup section */
		4510D4EC200A556B00C233D0 = {
			isa = PBXGroup;
			children = (
				4510D4F7200A556B00C233D0 /* PlayingCard */,
				4510D4F6200A556B00C233D0 /* Products */,
			);
			sourceTree = "<group>";
		};
		4510D4F6200A556B00C233D0 /* Products */ = {
			isa = PBXGroup;
			children = (
				4510D4F5200A556B00C233D0 /* PlayingCard.app */,
			);
			name = Products;
			sourceTree = "<group>";
		};
		4510D4F7200A556B00C233D0 /* PlayingCard */ = {
			isa = PBXGroup;
			children = (
				4510D50A200A557A00C233D0 /* Resources */,
				4510D50D200A567800C233D0 /* Model */,
				4510D50B200A558800C233D0 /* View */,
				4510D50C200A559000C233D0 /* Controller */,
			);
			path = PlayingCard;
			sourceTree = "<group>";
		};
		4510D50A200A557A00C233D0 /* Resources */ = {
			isa = PBXGroup;
			children = (
				4510D4FF200A556B00C233D0 /* Assets.xcassets */,
				4510D504200A556B00C233D0 /* Info.plist */,
			);
			path = Resources;
			sourceTree = "<group>";
		};
		4510D50B200A558800C233D0 /* View */ = {
			isa = PBXGroup;
			children = (
				4510D501200A556B00C233D0 /* LaunchScreen.storyboard */,
				4510D4FC200A556B00C233D0 /* Main.storyboard */,
				4510D512200B340B00C233D0 /* PlayingCardView.swift */,
			);
			path = View;
			sourceTree = "<group>";
		};
		4510D50C200A559000C233D0 /* Controller */ = {
			isa = PBXGroup;
			children = (
				4510D4F8200A556B00C233D0 /* AppDelegate.swift */,
				4510D4FA200A556B00C233D0 /* SingleCardViewController.swift */,
				4510D516200BA62F00C233D0 /* MultiCardsViewController.swift */,
			);
			path = Controller;
			sourceTree = "<group>";
		};
		4510D50D200A567800C233D0 /* Model */ = {
			isa = PBXGroup;
			children = (
				4510D50E200A569C00C233D0 /* PlayingCard.swift */,
				4510D510200A596D00C233D0 /* PlayingCardDeck.swift */,
			);
			path = Model;
			sourceTree = "<group>";
		};
/* End PBXGroup section */

/* Begin PBXNativeTarget section */
		4510D4F4200A556B00C233D0 /* PlayingCard */ = {
			isa = PBXNativeTarget;
			buildConfigurationList = 4510D507200A556B00C233D0 /* Build configuration list for PBXNativeTarget "PlayingCard" */;
			buildPhases = (
				4510D4F1200A556B00C233D0 /* Sources */,
				4510D4F2200A556B00C233D0 /* Frameworks */,
				4510D4F3200A556B00C233D0 /* Resources */,
			);
			buildRules = (
			);
			dependencies = (
			);
			name = PlayingCard;
			productName = PlayingCard;
			productReference = 4510D4F5200A556B00C233D0 /* PlayingCard.app */;
			productType = "com.apple.product-type.application";
		};
/* End PBXNativeTarget section */

/* Begin PBXProject section */
		4510D4ED200A556B00C233D0 /* Project object */ = {
			isa = PBXProject;
			attributes = {
				LastSwiftUpdateCheck = 0920;
				LastUpgradeCheck = 0920;
				ORGANIZATIONNAME = "Chris Huang";
				TargetAttributes = {
					4510D4F4200A556B00C233D0 = {
						CreatedOnToolsVersion = 9.2;
						ProvisioningStyle = Automatic;
					};
				};
			};
			buildConfigurationList = 4510D4F0200A556B00C233D0 /* Build configuration list for PBXProject "PlayingCard" */;
			compatibilityVersion = "Xcode 8.0";
			developmentRegion = en;
			hasScannedForEncodings = 0;
			knownRegions = (
				en,
				Base,
			);
			mainGroup = 4510D4EC200A556B00C233D0;
			productRefGroup = 4510D4F6200A556B00C233D0 /* Products */;
			projectDirPath = "";
			projectRoot = "";
			targets = (
				4510D4F4200A556B00C233D0 /* PlayingCard */,
			);
		};
/* End PBXProject section */

/* Begin PBXResourcesBuildPhase section */
		4510D4F3200A556B00C233D0 /* Resources */ = {
			isa = PBXResourcesBuildPhase;
			buildActionMask = 2147483647;
			files = (
				4510D503200A556B00C233D0 /* LaunchScreen.storyboard in Resources */,
				4510D500200A556B00C233D0 /* Assets.xcassets in Resources */,
				4510D4FE200A556B00C233D0 /* Main.storyboard in Resources */,
			);
			runOnlyForDeploymentPostprocessing = 0;
		};
/* End PBXResourcesBuildPhase section */

/* Begin PBXSourcesBuildPhase section */
		4510D4F1200A556B00C233D0 /* Sources */ = {
			isa = PBXSourcesBuildPhase;
			buildActionMask = 2147483647;
			files = (
				4510D4FB200A556B00C233D0 /* SingleCardViewController.swift in Sources */,
				4510D511200A596D00C233D0 /* PlayingCardDeck.swift in Sources */,
				4510D517200BA62F00C233D0 /* MultiCardsViewController.swift in Sources */,
				4510D50F200A569C00C233D0 /* PlayingCard.swift in Sources */,
				4510D513200B340B00C233D0 /* PlayingCardView.swift in Sources */,
				4510D4F9200A556B00C233D0 /* AppDelegate.swift in Sources */,
			);
			runOnlyForDeploymentPostprocessing = 0;
		};
/* End PBXSourcesBuildPhase section */

/* Begin PBXVariantGroup section */
		4510D4FC200A556B00C233D0 /* Main.storyboard */ = {
			isa = PBXVariantGroup;
			children = (
				4510D4FD200A556B00C233D0 /* Base */,
			);
			name = Main.storyboard;
			sourceTree = "<group>";
		};
		4510D501200A556B00C233D0 /* LaunchScreen.storyboard */ = {
			isa = PBXVariantGroup;
			children = (
				4510D502200A556B00C233D0 /* Base */,
			);
			name = LaunchScreen.storyboard;
			sourceTree = "<group>";
		};
/* End PBXVariantGroup section */

/* Begin XCBuildConfiguration section */
		4510D505200A556B00C233D0 /* Debug */ = {
			isa = XCBuildConfiguration;
			buildSettings = {
				ALWAYS_SEARCH_USER_PATHS = NO;
				CLANG_ANALYZER_NONNULL = YES;
				CLANG_ANALYZER_NUMBER_OBJECT_CONVERSION = YES_AGGRESSIVE;
				CLANG_CXX_LANGUAGE_STANDARD = "gnu++14";
				CLANG_CXX_LIBRARY = "libc++";
				CLANG_ENABLE_MODULES = YES;
				CLANG_ENABLE_OBJC_ARC = YES;
				CLANG_WARN_BLOCK_CAPTURE_AUTORELEASING = YES;
				CLANG_WARN_BOOL_CONVERSION = YES;
				CLANG_WARN_COMMA = YES;
				CLANG_WARN_CONSTANT_CONVERSION = YES;
				CLANG_WARN_DIRECT_OBJC_ISA_USAGE = YES_ERROR;
				CLANG_WARN_DOCUMENTATION_COMMENTS = YES;
				CLANG_WARN_EMPTY_BODY = YES;
				CLANG_WARN_ENUM_CONVERSION = YES;
				CLANG_WARN_INFINITE_RECURSION = YES;
				CLANG_WARN_INT_CONVERSION = YES;
				CLANG_WARN_NON_LITERAL_NULL_CONVERSION = YES;
				CLANG_WARN_OBJC_LITERAL_CONVERSION = YES;
				CLANG_WARN_OBJC_ROOT_CLASS = YES_ERROR;
				CLANG_WARN_RANGE_LOOP_ANALYSIS = YES;
				CLANG_WARN_STRICT_PROTOTYPES = YES;
				CLANG_WARN_SUSPICIOUS_MOVE = YES;
				CLANG_WARN_UNGUARDED_AVAILABILITY = YES_AGGRESSIVE;
				CLANG_WARN_UNREACHABLE_CODE = YES;
				CLANG_WARN__DUPLICATE_METHOD_MATCH = YES;
				CODE_SIGN_IDENTITY = "iPhone Developer";
				COPY_PHASE_STRIP = NO;
				DEBUG_INFORMATION_FORMAT = dwarf;
				ENABLE_STRICT_OBJC_MSGSEND = YES;
				ENABLE_TESTABILITY = YES;
				GCC_C_LANGUAGE_STANDARD = gnu11;
				GCC_DYNAMIC_NO_PIC = NO;
				GCC_NO_COMMON_BLOCKS = YES;
				GCC_OPTIMIZATION_LEVEL = 0;
				GCC_PREPROCESSOR_DEFINITIONS = (
					"DEBUG=1",
					"$(inherited)",
				);
				GCC_WARN_64_TO_32_BIT_CONVERSION = YES;
				GCC_WARN_ABOUT_RETURN_TYPE = YES_ERROR;
				GCC_WARN_UNDECLARED_SELECTOR = YES;
				GCC_WARN_UNINITIALIZED_AUTOS = YES_AGGRESSIVE;
				GCC_WARN_UNUSED_FUNCTION = YES;
				GCC_WARN_UNUSED_VARIABLE = YES;
				IPHONEOS_DEPLOYMENT_TARGET = 11.2;
				MTL_ENABLE_DEBUG_INFO = YES;
				ONLY_ACTIVE_ARCH = YES;
				SDKROOT = iphoneos;
				SWIFT_ACTIVE_COMPILATION_CONDITIONS = DEBUG;
				SWIFT_OPTIMIZATION_LEVEL = "-Onone";
			};
			name = Debug;
		};
		4510D506200A556B00C233D0 /* Release */ = {
			isa = XCBuildConfiguration;
			buildSettings = {
				ALWAYS_SEARCH_USER_PATHS = NO;
				CLANG_ANALYZER_NONNULL = YES;
				CLANG_ANALYZER_NUMBER_OBJECT_CONVERSION = YES_AGGRESSIVE;
				CLANG_CXX_LANGUAGE_STANDARD = "gnu++14";
				CLANG_CXX_LIBRARY = "libc++";
				CLANG_ENABLE_MODULES = YES;
				CLANG_ENABLE_OBJC_ARC = YES;
				CLANG_WARN_BLOCK_CAPTURE_AUTORELEASING = YES;
				CLANG_WARN_BOOL_CONVERSION = YES;
				CLANG_WARN_COMMA = YES;
				CLANG_WARN_CONSTANT_CONVERSION = YES;
				CLANG_WARN_DIRECT_OBJC_ISA_USAGE = YES_ERROR;
				CLANG_WARN_DOCUMENTATION_COMMENTS = YES;
				CLANG_WARN_EMPTY_BODY = YES;
				CLANG_WARN_ENUM_CONVERSION = YES;
				CLANG_WARN_INFINITE_RECURSION = YES;
				CLANG_WARN_INT_CONVERSION = YES;
				CLANG_WARN_NON_LITERAL_NULL_CONVERSION = YES;
				CLANG_WARN_OBJC_LITERAL_CONVERSION = YES;
				CLANG_WARN_OBJC_ROOT_CLASS = YES_ERROR;
				CLANG_WARN_RANGE_LOOP_ANALYSIS = YES;
				CLANG_WARN_STRICT_PROTOTYPES = YES;
				CLANG_WARN_SUSPICIOUS_MOVE = YES;
				CLANG_WARN_UNGUARDED_AVAILABILITY = YES_AGGRESSIVE;
				CLANG_WARN_UNREACHABLE_CODE = YES;
				CLANG_WARN__DUPLICATE_METHOD_MATCH = YES;
				CODE_SIGN_IDENTITY = "iPhone Developer";
				COPY_PHASE_STRIP = NO;
				DEBUG_INFORMATION_FORMAT = "dwarf-with-dsym";
				ENABLE_NS_ASSERTIONS = NO;
				ENABLE_STRICT_OBJC_MSGSEND = YES;
				GCC_C_LANGUAGE_STANDARD = gnu11;
				GCC_NO_COMMON_BLOCKS = YES;
				GCC_WARN_64_TO_32_BIT_CONVERSION = YES;
				GCC_WARN_ABOUT_RETURN_TYPE = YES_ERROR;
				GCC_WARN_UNDECLARED_SELECTOR = YES;
				GCC_WARN_UNINITIALIZED_AUTOS = YES_AGGRESSIVE;
				GCC_WARN_UNUSED_FUNCTION = YES;
				GCC_WARN_UNUSED_VARIABLE = YES;
				IPHONEOS_DEPLOYMENT_TARGET = 11.2;
				MTL_ENABLE_DEBUG_INFO = NO;
				SDKROOT = iphoneos;
				SWIFT_OPTIMIZATION_LEVEL = "-Owholemodule";
				VALIDATE_PRODUCT = YES;
			};
			name = Release;
		};
		4510D508200A556B00C233D0 /* Debug */ = {
			isa = XCBuildConfiguration;
			buildSettings = {
				ASSETCATALOG_COMPILER_APPICON_NAME = AppIcon;
				CODE_SIGN_STYLE = Automatic;
				DEVELOPMENT_TEAM = 9H46LQG73T;
				INFOPLIST_FILE = "$(SRCROOT)/PlayingCard/Resources/Info.plist";
				LD_RUNPATH_SEARCH_PATHS = "$(inherited) @executable_path/Frameworks";
				PRODUCT_BUNDLE_IDENTIFIER = com.devxris.PlayingCard;
				PRODUCT_NAME = "$(TARGET_NAME)";
				SWIFT_VERSION = 4.0;
				TARGETED_DEVICE_FAMILY = "1,2";
			};
			name = Debug;
		};
		4510D509200A556B00C233D0 /* Release */ = {
			isa = XCBuildConfiguration;
			buildSettings = {
				ASSETCATALOG_COMPILER_APPICON_NAME = AppIcon;
				CODE_SIGN_STYLE = Automatic;
				DEVELOPMENT_TEAM = 9H46LQG73T;
				INFOPLIST_FILE = "$(SRCROOT)/PlayingCard/Resources/Info.plist";
				LD_RUNPATH_SEARCH_PATHS = "$(inherited) @executable_path/Frameworks";
				PRODUCT_BUNDLE_IDENTIFIER = com.devxris.PlayingCard;
				PRODUCT_NAME = "$(TARGET_NAME)";
				SWIFT_VERSION = 4.0;
				TARGETED_DEVICE_FAMILY = "1,2";
			};
			name = Release;
		};
/* End XCBuildConfiguration section */

/* Begin XCConfigurationList section */
		4510D4F0200A556B00C233D0 /* Build configuration list for PBXProject "PlayingCard" */ = {
			isa = XCConfigurationList;
			buildConfigurations = (
				4510D505200A556B00C233D0 /* Debug */,
				4510D506200A556B00C233D0 /* Release */,
			);
			defaultConfigurationIsVisible = 0;
			defaultConfigurationName = Release;
		};
		4510D507200A556B00C233D0 /* Build configuration list for PBXNativeTarget "PlayingCard" */ = {
			isa = XCConfigurationList;
			buildConfigurations = (
				4510D508200A556B00C233D0 /* Debug */,
				4510D509200A556B00C233D0 /* Release */,
			);
			defaultConfigurationIsVisible = 0;
			defaultConfigurationName = Release;
		};
/* End XCConfigurationList section */
	};
	rootObject = 4510D4ED200A556B00C233D0 /* Project object */;
}
